
Microsoft Visual Studio Solution File, Format Version 12.00
# Visual Studio Version 17
VisualStudioVersion = 17.7.34024.191
MinimumVisualStudioVersion = 10.0.40219.1
Project("{9A19103F-16F7-4668-BE54-9A1E7A4F7556}") = "employee_crud", "employee_crud.csproj", "{EC647DE6-4BDA-4EF0-A4DE-C6AEAF42AD80}"
EndProject
Global
	GlobalSection(SolutionConfigurationPlatforms) = preSolution
		Debug|Any CPU = Debug|Any CPU
		Release|Any CPU = Release|Any CPU
	EndGlobalSection
	GlobalSection(ProjectConfigurationPlatforms) = postSolution
		{EC647DE6-4BDA-4EF0-A4DE-C6AEAF42AD80}.Debug|Any CPU.ActiveCfg = Debug|Any CPU
		{EC647DE6-4BDA-4EF0-A4DE-C6AEAF42AD80}.Debug|Any CPU.Build.0 = Debug|Any CPU
		{EC647DE6-4BDA-4EF0-A4DE-C6AEAF42AD80}.Release|Any CPU.ActiveCfg = Release|Any CPU
		{EC647DE6-4BDA-4EF0-A4DE-C6AEAF42AD80}.Release|Any CPU.Build.0 = Release|Any CPU
	EndGlobalSection
	GlobalSection(SolutionProperties) = preSolution
		HideSolutionNode = FALSE
	EndGlobalSection
	GlobalSection(ExtensibilityGlobals) = postSolution
		SolutionGuid = {8A6E09F7-4779-42B0-80F8-7800A09D7DB8}
	EndGlobalSection
EndGlobal
